
Microsoft Visual Studio Solution File, Format Version 12.00
# Visual Studio Version 16
VisualStudioVersion = 16.0.29326.143
MinimumVisualStudioVersion = 10.0.40219.1
Project("{FAE04EC0-301F-11D3-BF4B-00C04F79EFBC}") = "LearningAgain", "LearningAgain.csproj", "{06E34C6A-CA51-4454-A9E9-C3D8F829451B}"
EndProject
Global
	GlobalSection(SolutionConfigurationPlatforms) = preSolution
		Debug|Any CPU = Debug|Any CPU
		Release|Any CPU = Release|Any CPU
	EndGlobalSection
	GlobalSection(ProjectConfigurationPlatforms) = postSolution
		{06E34C6A-CA51-4454-A9E9-C3D8F829451B}.Debug|Any CPU.ActiveCfg = Debug|Any CPU
		{06E34C6A-CA51-4454-A9E9-C3D8F829451B}.Debug|Any CPU.Build.0 = Debug|Any CPU
		{06E34C6A-CA51-4454-A9E9-C3D8F829451B}.Release|Any CPU.ActiveCfg = Release|Any CPU
		{06E34C6A-CA51-4454-A9E9-C3D8F829451B}.Release|Any CPU.Build.0 = Release|Any CPU
	EndGlobalSection
	GlobalSection(SolutionProperties) = preSolution
		HideSolutionNode = FALSE
	EndGlobalSection
	GlobalSection(ExtensibilityGlobals) = postSolution
		SolutionGuid = {782B65AB-FB05-4186-A425-52E07436752A}
	EndGlobalSection
EndGlobal
